uuid: 0add1474-fe97-458c-865d-d5fcc9418bf5
langcode: en
status: true
dependencies:
  module:
    - responsive_share_buttons
  theme:
    - gall
id: responsivesharingbuttonsblock
theme: gall
region: footer
weight: -18
provider: null
plugin: responsive_sharing_buttons
settings:
  id: responsive_sharing_buttons
  label: 'Responsive Sharing buttons block'
  provider: responsive_share_buttons
  label_display: '0'
visibility: {  }
